
Microsoft Visual Studio Solution File, Format Version 12.00
# Visual Studio Version 16
VisualStudioVersion = 16.0.30907.101
MinimumVisualStudioVersion = 10.0.40219.1
Project("{9A19103F-16F7-4668-BE54-9A1E7A4F7556}") = "ByteBank.Core", "src\ByteBank.Core\ByteBank.Core.csproj", "{1C9171CE-611A-49F8-A403-4A750519674A}"
EndProject
Project("{9A19103F-16F7-4668-BE54-9A1E7A4F7556}") = "ByteBank.View", "src\ByteBank.View\ByteBank.View.csproj", "{CA2B73E3-F620-49A0-BEE8-DDB67E46A2FE}"
EndProject
Global
	GlobalSection(SolutionConfigurationPlatforms) = preSolution
		Debug|Any CPU = Debug|Any CPU
		Release|Any CPU = Release|Any CPU
	EndGlobalSection
	GlobalSection(ProjectConfigurationPlatforms) = postSolution
		{1C9171CE-611A-49F8-A403-4A750519674A}.Debug|Any CPU.ActiveCfg = Debug|Any CPU
		{1C9171CE-611A-49F8-A403-4A750519674A}.Debug|Any CPU.Build.0 = Debug|Any CPU
		{1C9171CE-611A-49F8-A403-4A750519674A}.Release|Any CPU.ActiveCfg = Release|Any CPU
		{1C9171CE-611A-49F8-A403-4A750519674A}.Release|Any CPU.Build.0 = Release|Any CPU
		{CA2B73E3-F620-49A0-BEE8-DDB67E46A2FE}.Debug|Any CPU.ActiveCfg = Debug|Any CPU
		{CA2B73E3-F620-49A0-BEE8-DDB67E46A2FE}.Debug|Any CPU.Build.0 = Debug|Any CPU
		{CA2B73E3-F620-49A0-BEE8-DDB67E46A2FE}.Release|Any CPU.ActiveCfg = Release|Any CPU
		{CA2B73E3-F620-49A0-BEE8-DDB67E46A2FE}.Release|Any CPU.Build.0 = Release|Any CPU
	EndGlobalSection
	GlobalSection(SolutionProperties) = preSolution
		HideSolutionNode = FALSE
	EndGlobalSection
	GlobalSection(ExtensibilityGlobals) = postSolution
		SolutionGuid = {5C74EFED-6944-4D9E-A4B7-544FCD717389}
	EndGlobalSection
EndGlobal
